
Microsoft Visual Studio Solution File, Format Version 12.00
# Visual Studio Version 17
VisualStudioVersion = 17.0.32126.317
MinimumVisualStudioVersion = 10.0.40219.1
Project("{FAE04EC0-301F-11D3-BF4B-00C04F79EFBC}") = "DanceCompetition", "DanceCompetition\DanceCompetition.csproj", "{B877746A-BC74-4028-B2E5-1D113062758C}"
EndProject
Global
	GlobalSection(SolutionConfigurationPlatforms) = preSolution
		Debug|Any CPU = Debug|Any CPU
		Release|Any CPU = Release|Any CPU
	EndGlobalSection
	GlobalSection(ProjectConfigurationPlatforms) = postSolution
		{B877746A-BC74-4028-B2E5-1D113062758C}.Debug|Any CPU.ActiveCfg = Debug|Any CPU
		{B877746A-BC74-4028-B2E5-1D113062758C}.Debug|Any CPU.Build.0 = Debug|Any CPU
		{B877746A-BC74-4028-B2E5-1D113062758C}.Release|Any CPU.ActiveCfg = Release|Any CPU
		{B877746A-BC74-4028-B2E5-1D113062758C}.Release|Any CPU.Build.0 = Release|Any CPU
	EndGlobalSection
	GlobalSection(SolutionProperties) = preSolution
		HideSolutionNode = FALSE
	EndGlobalSection
	GlobalSection(ExtensibilityGlobals) = postSolution
		SolutionGuid = {4F6D3E07-90E3-4CA8-A704-36CEE331581E}
	EndGlobalSection
EndGlobal
